
Microsoft Visual Studio Solution File, Format Version 12.00
# Visual Studio Version 16
VisualStudioVersion = 16.0.29230.47
MinimumVisualStudioVersion = 10.0.40219.1
Project("{9A19103F-16F7-4668-BE54-9A1E7A4F7556}") = "Models", "Models\Models.csproj", "{BA352401-2958-4E26-9C7B-6B57C03924F9}"
EndProject
Project("{FAE04EC0-301F-11D3-BF4B-00C04F79EFBC}") = "Views", "Views\Views.csproj", "{97DAA680-F593-413E-AD3E-AB515D042E6A}"
EndProject
Project("{FAE04EC0-301F-11D3-BF4B-00C04F79EFBC}") = "Controllers", "Controllers\Controllers.csproj", "{B2069F58-5E09-4DDD-B79E-E45BC5A220E7}"
EndProject
Global
	GlobalSection(SolutionConfigurationPlatforms) = preSolution
		Debug|Any CPU = Debug|Any CPU
		Release|Any CPU = Release|Any CPU
	EndGlobalSection
	GlobalSection(ProjectConfigurationPlatforms) = postSolution
		{BA352401-2958-4E26-9C7B-6B57C03924F9}.Debug|Any CPU.ActiveCfg = Debug|Any CPU
		{BA352401-2958-4E26-9C7B-6B57C03924F9}.Debug|Any CPU.Build.0 = Debug|Any CPU
		{BA352401-2958-4E26-9C7B-6B57C03924F9}.Release|Any CPU.ActiveCfg = Release|Any CPU
		{BA352401-2958-4E26-9C7B-6B57C03924F9}.Release|Any CPU.Build.0 = Release|Any CPU
		{97DAA680-F593-413E-AD3E-AB515D042E6A}.Debug|Any CPU.ActiveCfg = Debug|Any CPU
		{97DAA680-F593-413E-AD3E-AB515D042E6A}.Debug|Any CPU.Build.0 = Debug|Any CPU
		{97DAA680-F593-413E-AD3E-AB515D042E6A}.Release|Any CPU.ActiveCfg = Release|Any CPU
		{97DAA680-F593-413E-AD3E-AB515D042E6A}.Release|Any CPU.Build.0 = Release|Any CPU
		{B2069F58-5E09-4DDD-B79E-E45BC5A220E7}.Debug|Any CPU.ActiveCfg = Debug|Any CPU
		{B2069F58-5E09-4DDD-B79E-E45BC5A220E7}.Debug|Any CPU.Build.0 = Debug|Any CPU
		{B2069F58-5E09-4DDD-B79E-E45BC5A220E7}.Release|Any CPU.ActiveCfg = Release|Any CPU
		{B2069F58-5E09-4DDD-B79E-E45BC5A220E7}.Release|Any CPU.Build.0 = Release|Any CPU
	EndGlobalSection
	GlobalSection(SolutionProperties) = preSolution
		HideSolutionNode = FALSE
	EndGlobalSection
	GlobalSection(ExtensibilityGlobals) = postSolution
		SolutionGuid = {4DEC21B8-BD47-4AA7-B889-BF3AB41AA78A}
	EndGlobalSection
EndGlobal
